
Microsoft Visual Studio Solution File, Format Version 12.00
# Visual Studio Version 16
VisualStudioVersion = 16.0.31410.357
MinimumVisualStudioVersion = 10.0.40219.1
Project("{FAE04EC0-301F-11D3-BF4B-00C04F79EFBC}") = "AttendanceApplication", "AttendanceApplication.csproj", "{EA2696EC-0495-4752-89B2-FEB0762BAFA4}"
EndProject
Global
	GlobalSection(SolutionConfigurationPlatforms) = preSolution
		Debug|Any CPU = Debug|Any CPU
		Release|Any CPU = Release|Any CPU
	EndGlobalSection
	GlobalSection(ProjectConfigurationPlatforms) = postSolution
		{EA2696EC-0495-4752-89B2-FEB0762BAFA4}.Debug|Any CPU.ActiveCfg = Debug|Any CPU
		{EA2696EC-0495-4752-89B2-FEB0762BAFA4}.Debug|Any CPU.Build.0 = Debug|Any CPU
		{EA2696EC-0495-4752-89B2-FEB0762BAFA4}.Release|Any CPU.ActiveCfg = Release|Any CPU
		{EA2696EC-0495-4752-89B2-FEB0762BAFA4}.Release|Any CPU.Build.0 = Release|Any CPU
	EndGlobalSection
	GlobalSection(SolutionProperties) = preSolution
		HideSolutionNode = FALSE
	EndGlobalSection
	GlobalSection(ExtensibilityGlobals) = postSolution
		SolutionGuid = {290AFC27-3439-40CD-BD58-E311A579D948}
	EndGlobalSection
EndGlobal
